
Microsoft Visual Studio Solution File, Format Version 12.00
# Visual Studio Version 17
VisualStudioVersion = 17.0.31903.59
MinimumVisualStudioVersion = 10.0.40219.1
Project("{2150E333-8FDC-42A3-9474-1A3956D46DE8}") = "src", "src", "{827E0CD3-B72D-47B6-A68D-7590B98EB39B}"
EndProject
Project("{FAE04EC0-301F-11D3-BF4B-00C04F79EFBC}") = "MicFx.Web", "src\MicFx.Web\MicFx.Web.csproj", "{4FC968E0-EDBC-4445-A3F2-FDFC5E43F826}"
EndProject
Project("{FAE04EC0-301F-11D3-BF4B-00C04F79EFBC}") = "MicFx.SharedKernel", "src\MicFx.SharedKernel\MicFx.SharedKernel.csproj", "{F9AFB72E-F190-49A3-B1E8-4F95CC17AE89}"
EndProject
Project("{2150E333-8FDC-42A3-9474-1A3956D46DE8}") = "Modules", "Modules", "{EC447DCF-ABFA-6E24-52A5-D7FD48A5C558}"
EndProject
Project("{FAE04EC0-301F-11D3-BF4B-00C04F79EFBC}") = "MicFx.Modules.Auth", "src\Modules\MicFx.Modules.Auth\MicFx.Modules.Auth.csproj", "{34D05DD7-6F9A-43B4-AF9E-0DEC11EBEEE6}"
EndProject
Project("{FAE04EC0-301F-11D3-BF4B-00C04F79EFBC}") = "MicFx.Modules.HelloWorld", "src\Modules\MicFx.Modules.HelloWorld\MicFx.Modules.HelloWorld.csproj", "{D0E54ED4-4A44-4041-BD10-7DF5DDE194E3}"
EndProject
Project("{FAE04EC0-301F-11D3-BF4B-00C04F79EFBC}") = "MicFx.Core", "src\MicFx.Core\MicFx.Core.csproj", "{967D9E64-BDFB-4BF5-A29D-C47E3CB13055}"
EndProject
Project("{FAE04EC0-301F-11D3-BF4B-00C04F79EFBC}") = "MicFx.Infrastructure", "src\MicFx.Infrastructure\MicFx.Infrastructure.csproj", "{A1B2C3D4-E5F6-7890-ABCD-EF1234567890}"
EndProject
Project("{FAE04EC0-301F-11D3-BF4B-00C04F79EFBC}") = "MicFx.Abstractions", "src\MicFx.Abstractions\MicFx.Abstractions.csproj", "{6995AAC3-531A-44FA-BEF0-83FD17E5473D}"
EndProject
Project("{2150E333-8FDC-42A3-9474-1A3956D46DE8}") = "tests", "tests", "{0AB3BF05-4346-4AA6-1389-037BE0695223}"
EndProject
Project("{FAE04EC0-301F-11D3-BF4B-00C04F79EFBC}") = "MicFx.Tests.Core", "tests\MicFx.Tests.Core\MicFx.Tests.Core.csproj", "{36967C9B-86B0-4F64-9AAE-044EFB937A83}"
EndProject
Global
	GlobalSection(SolutionConfigurationPlatforms) = preSolution
		Debug|Any CPU = Debug|Any CPU
		Debug|x64 = Debug|x64
		Debug|x86 = Debug|x86
		Release|Any CPU = Release|Any CPU
		Release|x64 = Release|x64
		Release|x86 = Release|x86
	EndGlobalSection
	GlobalSection(ProjectConfigurationPlatforms) = postSolution
		{4FC968E0-EDBC-4445-A3F2-FDFC5E43F826}.Debug|Any CPU.ActiveCfg = Debug|Any CPU
		{4FC968E0-EDBC-4445-A3F2-FDFC5E43F826}.Debug|Any CPU.Build.0 = Debug|Any CPU
		{4FC968E0-EDBC-4445-A3F2-FDFC5E43F826}.Debug|x64.ActiveCfg = Debug|Any CPU
		{4FC968E0-EDBC-4445-A3F2-FDFC5E43F826}.Debug|x64.Build.0 = Debug|Any CPU
		{4FC968E0-EDBC-4445-A3F2-FDFC5E43F826}.Debug|x86.ActiveCfg = Debug|Any CPU
		{4FC968E0-EDBC-4445-A3F2-FDFC5E43F826}.Debug|x86.Build.0 = Debug|Any CPU
		{4FC968E0-EDBC-4445-A3F2-FDFC5E43F826}.Release|Any CPU.ActiveCfg = Release|Any CPU
		{4FC968E0-EDBC-4445-A3F2-FDFC5E43F826}.Release|Any CPU.Build.0 = Release|Any CPU
		{4FC968E0-EDBC-4445-A3F2-FDFC5E43F826}.Release|x64.ActiveCfg = Release|Any CPU
		{4FC968E0-EDBC-4445-A3F2-FDFC5E43F826}.Release|x64.Build.0 = Release|Any CPU
		{4FC968E0-EDBC-4445-A3F2-FDFC5E43F826}.Release|x86.ActiveCfg = Release|Any CPU
		{4FC968E0-EDBC-4445-A3F2-FDFC5E43F826}.Release|x86.Build.0 = Release|Any CPU
		{F9AFB72E-F190-49A3-B1E8-4F95CC17AE89}.Debug|Any CPU.ActiveCfg = Debug|Any CPU
		{F9AFB72E-F190-49A3-B1E8-4F95CC17AE89}.Debug|Any CPU.Build.0 = Debug|Any CPU
		{F9AFB72E-F190-49A3-B1E8-4F95CC17AE89}.Debug|x64.ActiveCfg = Debug|Any CPU
		{F9AFB72E-F190-49A3-B1E8-4F95CC17AE89}.Debug|x64.Build.0 = Debug|Any CPU
		{F9AFB72E-F190-49A3-B1E8-4F95CC17AE89}.Debug|x86.ActiveCfg = Debug|Any CPU
		{F9AFB72E-F190-49A3-B1E8-4F95CC17AE89}.Debug|x86.Build.0 = Debug|Any CPU
		{F9AFB72E-F190-49A3-B1E8-4F95CC17AE89}.Release|Any CPU.ActiveCfg = Release|Any CPU
		{F9AFB72E-F190-49A3-B1E8-4F95CC17AE89}.Release|Any CPU.Build.0 = Release|Any CPU
		{F9AFB72E-F190-49A3-B1E8-4F95CC17AE89}.Release|x64.ActiveCfg = Release|Any CPU
		{F9AFB72E-F190-49A3-B1E8-4F95CC17AE89}.Release|x64.Build.0 = Release|Any CPU
		{F9AFB72E-F190-49A3-B1E8-4F95CC17AE89}.Release|x86.ActiveCfg = Release|Any CPU
		{F9AFB72E-F190-49A3-B1E8-4F95CC17AE89}.Release|x86.Build.0 = Release|Any CPU
		{34D05DD7-6F9A-43B4-AF9E-0DEC11EBEEE6}.Debug|Any CPU.ActiveCfg = Debug|Any CPU
		{34D05DD7-6F9A-43B4-AF9E-0DEC11EBEEE6}.Debug|Any CPU.Build.0 = Debug|Any CPU
		{34D05DD7-6F9A-43B4-AF9E-0DEC11EBEEE6}.Debug|x64.ActiveCfg = Debug|Any CPU
		{34D05DD7-6F9A-43B4-AF9E-0DEC11EBEEE6}.Debug|x64.Build.0 = Debug|Any CPU
		{34D05DD7-6F9A-43B4-AF9E-0DEC11EBEEE6}.Debug|x86.ActiveCfg = Debug|Any CPU
		{34D05DD7-6F9A-43B4-AF9E-0DEC11EBEEE6}.Debug|x86.Build.0 = Debug|Any CPU
		{34D05DD7-6F9A-43B4-AF9E-0DEC11EBEEE6}.Release|Any CPU.ActiveCfg = Release|Any CPU
		{34D05DD7-6F9A-43B4-AF9E-0DEC11EBEEE6}.Release|Any CPU.Build.0 = Release|Any CPU
		{34D05DD7-6F9A-43B4-AF9E-0DEC11EBEEE6}.Release|x64.ActiveCfg = Release|Any CPU
		{34D05DD7-6F9A-43B4-AF9E-0DEC11EBEEE6}.Release|x64.Build.0 = Release|Any CPU
		{34D05DD7-6F9A-43B4-AF9E-0DEC11EBEEE6}.Release|x86.ActiveCfg = Release|Any CPU
		{34D05DD7-6F9A-43B4-AF9E-0DEC11EBEEE6}.Release|x86.Build.0 = Release|Any CPU
		{D0E54ED4-4A44-4041-BD10-7DF5DDE194E3}.Debug|Any CPU.ActiveCfg = Debug|Any CPU
		{D0E54ED4-4A44-4041-BD10-7DF5DDE194E3}.Debug|Any CPU.Build.0 = Debug|Any CPU
		{D0E54ED4-4A44-4041-BD10-7DF5DDE194E3}.Debug|x64.ActiveCfg = Debug|Any CPU
		{D0E54ED4-4A44-4041-BD10-7DF5DDE194E3}.Debug|x64.Build.0 = Debug|Any CPU
		{D0E54ED4-4A44-4041-BD10-7DF5DDE194E3}.Debug|x86.ActiveCfg = Debug|Any CPU
		{D0E54ED4-4A44-4041-BD10-7DF5DDE194E3}.Debug|x86.Build.0 = Debug|Any CPU
		{D0E54ED4-4A44-4041-BD10-7DF5DDE194E3}.Release|Any CPU.ActiveCfg = Release|Any CPU
		{D0E54ED4-4A44-4041-BD10-7DF5DDE194E3}.Release|Any CPU.Build.0 = Release|Any CPU
		{D0E54ED4-4A44-4041-BD10-7DF5DDE194E3}.Release|x64.ActiveCfg = Release|Any CPU
		{D0E54ED4-4A44-4041-BD10-7DF5DDE194E3}.Release|x64.Build.0 = Release|Any CPU
		{D0E54ED4-4A44-4041-BD10-7DF5DDE194E3}.Release|x86.ActiveCfg = Release|Any CPU
		{D0E54ED4-4A44-4041-BD10-7DF5DDE194E3}.Release|x86.Build.0 = Release|Any CPU
		{967D9E64-BDFB-4BF5-A29D-C47E3CB13055}.Debug|Any CPU.ActiveCfg = Debug|Any CPU
		{967D9E64-BDFB-4BF5-A29D-C47E3CB13055}.Debug|Any CPU.Build.0 = Debug|Any CPU
		{967D9E64-BDFB-4BF5-A29D-C47E3CB13055}.Debug|x64.ActiveCfg = Debug|Any CPU
		{967D9E64-BDFB-4BF5-A29D-C47E3CB13055}.Debug|x64.Build.0 = Debug|Any CPU
		{967D9E64-BDFB-4BF5-A29D-C47E3CB13055}.Debug|x86.ActiveCfg = Debug|Any CPU
		{967D9E64-BDFB-4BF5-A29D-C47E3CB13055}.Debug|x86.Build.0 = Debug|Any CPU
		{967D9E64-BDFB-4BF5-A29D-C47E3CB13055}.Release|Any CPU.ActiveCfg = Release|Any CPU
		{967D9E64-BDFB-4BF5-A29D-C47E3CB13055}.Release|Any CPU.Build.0 = Release|Any CPU
		{967D9E64-BDFB-4BF5-A29D-C47E3CB13055}.Release|x64.ActiveCfg = Release|Any CPU
		{967D9E64-BDFB-4BF5-A29D-C47E3CB13055}.Release|x64.Build.0 = Release|Any CPU
		{967D9E64-BDFB-4BF5-A29D-C47E3CB13055}.Release|x86.ActiveCfg = Release|Any CPU
		{967D9E64-BDFB-4BF5-A29D-C47E3CB13055}.Release|x86.Build.0 = Release|Any CPU
		{A1B2C3D4-E5F6-7890-ABCD-EF1234567890}.Debug|Any CPU.ActiveCfg = Debug|Any CPU
		{A1B2C3D4-E5F6-7890-ABCD-EF1234567890}.Debug|Any CPU.Build.0 = Debug|Any CPU
		{A1B2C3D4-E5F6-7890-ABCD-EF1234567890}.Debug|x64.ActiveCfg = Debug|Any CPU
		{A1B2C3D4-E5F6-7890-ABCD-EF1234567890}.Debug|x64.Build.0 = Debug|Any CPU
		{A1B2C3D4-E5F6-7890-ABCD-EF1234567890}.Debug|x86.ActiveCfg = Debug|Any CPU
		{A1B2C3D4-E5F6-7890-ABCD-EF1234567890}.Debug|x86.Build.0 = Debug|Any CPU
		{A1B2C3D4-E5F6-7890-ABCD-EF1234567890}.Release|Any CPU.ActiveCfg = Release|Any CPU
		{A1B2C3D4-E5F6-7890-ABCD-EF1234567890}.Release|Any CPU.Build.0 = Release|Any CPU
		{A1B2C3D4-E5F6-7890-ABCD-EF1234567890}.Release|x64.ActiveCfg = Release|Any CPU
		{A1B2C3D4-E5F6-7890-ABCD-EF1234567890}.Release|x64.Build.0 = Release|Any CPU
		{A1B2C3D4-E5F6-7890-ABCD-EF1234567890}.Release|x86.ActiveCfg = Release|Any CPU
		{A1B2C3D4-E5F6-7890-ABCD-EF1234567890}.Release|x86.Build.0 = Release|Any CPU
		{6995AAC3-531A-44FA-BEF0-83FD17E5473D}.Debug|Any CPU.ActiveCfg = Debug|Any CPU
		{6995AAC3-531A-44FA-BEF0-83FD17E5473D}.Debug|Any CPU.Build.0 = Debug|Any CPU
		{6995AAC3-531A-44FA-BEF0-83FD17E5473D}.Debug|x64.ActiveCfg = Debug|Any CPU
		{6995AAC3-531A-44FA-BEF0-83FD17E5473D}.Debug|x64.Build.0 = Debug|Any CPU
		{6995AAC3-531A-44FA-BEF0-83FD17E5473D}.Debug|x86.ActiveCfg = Debug|Any CPU
		{6995AAC3-531A-44FA-BEF0-83FD17E5473D}.Debug|x86.Build.0 = Debug|Any CPU
		{6995AAC3-531A-44FA-BEF0-83FD17E5473D}.Release|Any CPU.ActiveCfg = Release|Any CPU
		{6995AAC3-531A-44FA-BEF0-83FD17E5473D}.Release|Any CPU.Build.0 = Release|Any CPU
		{6995AAC3-531A-44FA-BEF0-83FD17E5473D}.Release|x64.ActiveCfg = Release|Any CPU
		{6995AAC3-531A-44FA-BEF0-83FD17E5473D}.Release|x64.Build.0 = Release|Any CPU
		{6995AAC3-531A-44FA-BEF0-83FD17E5473D}.Release|x86.ActiveCfg = Release|Any CPU
		{6995AAC3-531A-44FA-BEF0-83FD17E5473D}.Release|x86.Build.0 = Release|Any CPU
		{36967C9B-86B0-4F64-9AAE-044EFB937A83}.Debug|Any CPU.ActiveCfg = Debug|Any CPU
		{36967C9B-86B0-4F64-9AAE-044EFB937A83}.Debug|Any CPU.Build.0 = Debug|Any CPU
		{36967C9B-86B0-4F64-9AAE-044EFB937A83}.Debug|x64.ActiveCfg = Debug|Any CPU
		{36967C9B-86B0-4F64-9AAE-044EFB937A83}.Debug|x64.Build.0 = Debug|Any CPU
		{36967C9B-86B0-4F64-9AAE-044EFB937A83}.Debug|x86.ActiveCfg = Debug|Any CPU
		{36967C9B-86B0-4F64-9AAE-044EFB937A83}.Debug|x86.Build.0 = Debug|Any CPU
		{36967C9B-86B0-4F64-9AAE-044EFB937A83}.Release|Any CPU.ActiveCfg = Release|Any CPU
		{36967C9B-86B0-4F64-9AAE-044EFB937A83}.Release|Any CPU.Build.0 = Release|Any CPU
		{36967C9B-86B0-4F64-9AAE-044EFB937A83}.Release|x64.ActiveCfg = Release|Any CPU
		{36967C9B-86B0-4F64-9AAE-044EFB937A83}.Release|x64.Build.0 = Release|Any CPU
		{36967C9B-86B0-4F64-9AAE-044EFB937A83}.Release|x86.ActiveCfg = Release|Any CPU
		{36967C9B-86B0-4F64-9AAE-044EFB937A83}.Release|x86.Build.0 = Release|Any CPU
	EndGlobalSection
	GlobalSection(SolutionProperties) = preSolution
		HideSolutionNode = FALSE
	EndGlobalSection
	GlobalSection(NestedProjects) = preSolution
		{4FC968E0-EDBC-4445-A3F2-FDFC5E43F826} = {827E0CD3-B72D-47B6-A68D-7590B98EB39B}
		{F9AFB72E-F190-49A3-B1E8-4F95CC17AE89} = {827E0CD3-B72D-47B6-A68D-7590B98EB39B}
		{EC447DCF-ABFA-6E24-52A5-D7FD48A5C558} = {827E0CD3-B72D-47B6-A68D-7590B98EB39B}
		{34D05DD7-6F9A-43B4-AF9E-0DEC11EBEEE6} = {EC447DCF-ABFA-6E24-52A5-D7FD48A5C558}
		{D0E54ED4-4A44-4041-BD10-7DF5DDE194E3} = {EC447DCF-ABFA-6E24-52A5-D7FD48A5C558}
		{967D9E64-BDFB-4BF5-A29D-C47E3CB13055} = {827E0CD3-B72D-47B6-A68D-7590B98EB39B}
		{A1B2C3D4-E5F6-7890-ABCD-EF1234567890} = {827E0CD3-B72D-47B6-A68D-7590B98EB39B}
		{6995AAC3-531A-44FA-BEF0-83FD17E5473D} = {827E0CD3-B72D-47B6-A68D-7590B98EB39B}
		{36967C9B-86B0-4F64-9AAE-044EFB937A83} = {0AB3BF05-4346-4AA6-1389-037BE0695223}
	EndGlobalSection
EndGlobal
